
Microsoft Visual Studio Solution File, Format Version 12.00
# Visual Studio Version 16
VisualStudioVersion = 16.0.30413.136
MinimumVisualStudioVersion = 10.0.40219.1
Project("{FAE04EC0-301F-11D3-BF4B-00C04F79EFBC}") = "ImageCatalog", "ImageCatalog\ImageCatalog.csproj", "{2B23141E-278E-42ED-9D7E-EB04AAF1A077}"
EndProject
Global
	GlobalSection(SolutionConfigurationPlatforms) = preSolution
		Debug|Any CPU = Debug|Any CPU
		Release|Any CPU = Release|Any CPU
	EndGlobalSection
	GlobalSection(ProjectConfigurationPlatforms) = postSolution
		{2B23141E-278E-42ED-9D7E-EB04AAF1A077}.Debug|Any CPU.ActiveCfg = Debug|Any CPU
		{2B23141E-278E-42ED-9D7E-EB04AAF1A077}.Debug|Any CPU.Build.0 = Debug|Any CPU
		{2B23141E-278E-42ED-9D7E-EB04AAF1A077}.Release|Any CPU.ActiveCfg = Release|Any CPU
		{2B23141E-278E-42ED-9D7E-EB04AAF1A077}.Release|Any CPU.Build.0 = Release|Any CPU
	EndGlobalSection
	GlobalSection(SolutionProperties) = preSolution
		HideSolutionNode = FALSE
	EndGlobalSection
	GlobalSection(ExtensibilityGlobals) = postSolution
		SolutionGuid = {3DCBE8A0-235D-4662-999D-3EC0123772A5}
	EndGlobalSection
EndGlobal
